
Microsoft Visual Studio Solution File, Format Version 12.00
# Visual Studio 15
VisualStudioVersion = 15.0.28307.489
MinimumVisualStudioVersion = 10.0.40219.1
Project("{FAE04EC0-301F-11D3-BF4B-00C04F79EFBC}") = "MobileXamarin", "MobileXamarin\MobileXamarin\MobileXamarin.csproj", "{C8654C92-5C45-4AFC-B815-E3D130E50D66}"
EndProject
Project("{FAE04EC0-301F-11D3-BF4B-00C04F79EFBC}") = "MobileXamarin.Android", "MobileXamarin\MobileXamarin.Android\MobileXamarin.Android.csproj", "{26D8B120-4B46-4B42-A918-EC4EB2A62B22}"
EndProject
Project("{FAE04EC0-301F-11D3-BF4B-00C04F79EFBC}") = "MobileXamarin.IOS", "MobileXamarin\MobileXamarin.IOS\MobileXamarin.IOS.csproj", "{A4A6EA1D-74E1-45CA-93DE-A0C8BF239F50}"
EndProject
Project("{FAE04EC0-301F-11D3-BF4B-00C04F79EFBC}") = "MobileXamarin.UWP", "MobileXamarin\MobileXamarin.UWP\MobileXamarin.UWP.csproj", "{46CA0B2C-EF6E-40D9-A134-B993C61F9FC7}"
EndProject
Global
	GlobalSection(SolutionConfigurationPlatforms) = preSolution
		Ad-Hoc|Any CPU = Ad-Hoc|Any CPU
		Ad-Hoc|ARM = Ad-Hoc|ARM
		Ad-Hoc|iPhone = Ad-Hoc|iPhone
		Ad-Hoc|iPhoneSimulator = Ad-Hoc|iPhoneSimulator
		Ad-Hoc|x64 = Ad-Hoc|x64
		Ad-Hoc|x86 = Ad-Hoc|x86
		AppStore|Any CPU = AppStore|Any CPU
		AppStore|ARM = AppStore|ARM
		AppStore|iPhone = AppStore|iPhone
		AppStore|iPhoneSimulator = AppStore|iPhoneSimulator
		AppStore|x64 = AppStore|x64
		AppStore|x86 = AppStore|x86
		Debug|Any CPU = Debug|Any CPU
		Debug|ARM = Debug|ARM
		Debug|iPhone = Debug|iPhone
		Debug|iPhoneSimulator = Debug|iPhoneSimulator
		Debug|x64 = Debug|x64
		Debug|x86 = Debug|x86
		Release|Any CPU = Release|Any CPU
		Release|ARM = Release|ARM
		Release|iPhone = Release|iPhone
		Release|iPhoneSimulator = Release|iPhoneSimulator
		Release|x64 = Release|x64
		Release|x86 = Release|x86
	EndGlobalSection
	GlobalSection(ProjectConfigurationPlatforms) = postSolution
		{C8654C92-5C45-4AFC-B815-E3D130E50D66}.Ad-Hoc|Any CPU.ActiveCfg = Debug|Any CPU
		{C8654C92-5C45-4AFC-B815-E3D130E50D66}.Ad-Hoc|Any CPU.Build.0 = Debug|Any CPU
		{C8654C92-5C45-4AFC-B815-E3D130E50D66}.Ad-Hoc|ARM.ActiveCfg = Debug|Any CPU
		{C8654C92-5C45-4AFC-B815-E3D130E50D66}.Ad-Hoc|ARM.Build.0 = Debug|Any CPU
		{C8654C92-5C45-4AFC-B815-E3D130E50D66}.Ad-Hoc|iPhone.ActiveCfg = Debug|Any CPU
		{C8654C92-5C45-4AFC-B815-E3D130E50D66}.Ad-Hoc|iPhone.Build.0 = Debug|Any CPU
		{C8654C92-5C45-4AFC-B815-E3D130E50D66}.Ad-Hoc|iPhoneSimulator.ActiveCfg = Debug|Any CPU
		{C8654C92-5C45-4AFC-B815-E3D130E50D66}.Ad-Hoc|iPhoneSimulator.Build.0 = Debug|Any CPU
		{C8654C92-5C45-4AFC-B815-E3D130E50D66}.Ad-Hoc|x64.ActiveCfg = Debug|Any CPU
		{C8654C92-5C45-4AFC-B815-E3D130E50D66}.Ad-Hoc|x64.Build.0 = Debug|Any CPU
		{C8654C92-5C45-4AFC-B815-E3D130E50D66}.Ad-Hoc|x86.ActiveCfg = Debug|Any CPU
		{C8654C92-5C45-4AFC-B815-E3D130E50D66}.Ad-Hoc|x86.Build.0 = Debug|Any CPU
		{C8654C92-5C45-4AFC-B815-E3D130E50D66}.AppStore|Any CPU.ActiveCfg = Debug|Any CPU
		{C8654C92-5C45-4AFC-B815-E3D130E50D66}.AppStore|Any CPU.Build.0 = Debug|Any CPU
		{C8654C92-5C45-4AFC-B815-E3D130E50D66}.AppStore|ARM.ActiveCfg = Debug|Any CPU
		{C8654C92-5C45-4AFC-B815-E3D130E50D66}.AppStore|ARM.Build.0 = Debug|Any CPU
		{C8654C92-5C45-4AFC-B815-E3D130E50D66}.AppStore|iPhone.ActiveCfg = Debug|Any CPU
		{C8654C92-5C45-4AFC-B815-E3D130E50D66}.AppStore|iPhone.Build.0 = Debug|Any CPU
		{C8654C92-5C45-4AFC-B815-E3D130E50D66}.AppStore|iPhoneSimulator.ActiveCfg = Debug|Any CPU
		{C8654C92-5C45-4AFC-B815-E3D130E50D66}.AppStore|iPhoneSimulator.Build.0 = Debug|Any CPU
		{C8654C92-5C45-4AFC-B815-E3D130E50D66}.AppStore|x64.ActiveCfg = Debug|Any CPU
		{C8654C92-5C45-4AFC-B815-E3D130E50D66}.AppStore|x64.Build.0 = Debug|Any CPU
		{C8654C92-5C45-4AFC-B815-E3D130E50D66}.AppStore|x86.ActiveCfg = Debug|Any CPU
		{C8654C92-5C45-4AFC-B815-E3D130E50D66}.AppStore|x86.Build.0 = Debug|Any CPU
		{C8654C92-5C45-4AFC-B815-E3D130E50D66}.Debug|Any CPU.ActiveCfg = Debug|Any CPU
		{C8654C92-5C45-4AFC-B815-E3D130E50D66}.Debug|Any CPU.Build.0 = Debug|Any CPU
		{C8654C92-5C45-4AFC-B815-E3D130E50D66}.Debug|ARM.ActiveCfg = Debug|Any CPU
		{C8654C92-5C45-4AFC-B815-E3D130E50D66}.Debug|ARM.Build.0 = Debug|Any CPU
		{C8654C92-5C45-4AFC-B815-E3D130E50D66}.Debug|iPhone.ActiveCfg = Debug|Any CPU
		{C8654C92-5C45-4AFC-B815-E3D130E50D66}.Debug|iPhone.Build.0 = Debug|Any CPU
		{C8654C92-5C45-4AFC-B815-E3D130E50D66}.Debug|iPhoneSimulator.ActiveCfg = Debug|Any CPU
		{C8654C92-5C45-4AFC-B815-E3D130E50D66}.Debug|iPhoneSimulator.Build.0 = Debug|Any CPU
		{C8654C92-5C45-4AFC-B815-E3D130E50D66}.Debug|x64.ActiveCfg = Debug|Any CPU
		{C8654C92-5C45-4AFC-B815-E3D130E50D66}.Debug|x64.Build.0 = Debug|Any CPU
		{C8654C92-5C45-4AFC-B815-E3D130E50D66}.Debug|x86.ActiveCfg = Debug|Any CPU
		{C8654C92-5C45-4AFC-B815-E3D130E50D66}.Debug|x86.Build.0 = Debug|Any CPU
		{C8654C92-5C45-4AFC-B815-E3D130E50D66}.Release|Any CPU.ActiveCfg = Release|Any CPU
		{C8654C92-5C45-4AFC-B815-E3D130E50D66}.Release|Any CPU.Build.0 = Release|Any CPU
		{C8654C92-5C45-4AFC-B815-E3D130E50D66}.Release|ARM.ActiveCfg = Release|Any CPU
		{C8654C92-5C45-4AFC-B815-E3D130E50D66}.Release|ARM.Build.0 = Release|Any CPU
		{C8654C92-5C45-4AFC-B815-E3D130E50D66}.Release|iPhone.ActiveCfg = Release|Any CPU
		{C8654C92-5C45-4AFC-B815-E3D130E50D66}.Release|iPhone.Build.0 = Release|Any CPU
		{C8654C92-5C45-4AFC-B815-E3D130E50D66}.Release|iPhoneSimulator.ActiveCfg = Release|Any CPU
		{C8654C92-5C45-4AFC-B815-E3D130E50D66}.Release|iPhoneSimulator.Build.0 = Release|Any CPU
		{C8654C92-5C45-4AFC-B815-E3D130E50D66}.Release|x64.ActiveCfg = Release|Any CPU
		{C8654C92-5C45-4AFC-B815-E3D130E50D66}.Release|x64.Build.0 = Release|Any CPU
		{C8654C92-5C45-4AFC-B815-E3D130E50D66}.Release|x86.ActiveCfg = Release|Any CPU
		{C8654C92-5C45-4AFC-B815-E3D130E50D66}.Release|x86.Build.0 = Release|Any CPU
		{26D8B120-4B46-4B42-A918-EC4EB2A62B22}.Ad-Hoc|Any CPU.ActiveCfg = Release|Any CPU
		{26D8B120-4B46-4B42-A918-EC4EB2A62B22}.Ad-Hoc|Any CPU.Build.0 = Release|Any CPU
		{26D8B120-4B46-4B42-A918-EC4EB2A62B22}.Ad-Hoc|Any CPU.Deploy.0 = Release|Any CPU
		{26D8B120-4B46-4B42-A918-EC4EB2A62B22}.Ad-Hoc|ARM.ActiveCfg = Release|Any CPU
		{26D8B120-4B46-4B42-A918-EC4EB2A62B22}.Ad-Hoc|ARM.Build.0 = Release|Any CPU
		{26D8B120-4B46-4B42-A918-EC4EB2A62B22}.Ad-Hoc|ARM.Deploy.0 = Release|Any CPU
		{26D8B120-4B46-4B42-A918-EC4EB2A62B22}.Ad-Hoc|iPhone.ActiveCfg = Release|Any CPU
		{26D8B120-4B46-4B42-A918-EC4EB2A62B22}.Ad-Hoc|iPhone.Build.0 = Release|Any CPU
		{26D8B120-4B46-4B42-A918-EC4EB2A62B22}.Ad-Hoc|iPhone.Deploy.0 = Release|Any CPU
		{26D8B120-4B46-4B42-A918-EC4EB2A62B22}.Ad-Hoc|iPhoneSimulator.ActiveCfg = Release|Any CPU
		{26D8B120-4B46-4B42-A918-EC4EB2A62B22}.Ad-Hoc|iPhoneSimulator.Build.0 = Release|Any CPU
		{26D8B120-4B46-4B42-A918-EC4EB2A62B22}.Ad-Hoc|iPhoneSimulator.Deploy.0 = Release|Any CPU
		{26D8B120-4B46-4B42-A918-EC4EB2A62B22}.Ad-Hoc|x64.ActiveCfg = Release|Any CPU
		{26D8B120-4B46-4B42-A918-EC4EB2A62B22}.Ad-Hoc|x64.Build.0 = Release|Any CPU
		{26D8B120-4B46-4B42-A918-EC4EB2A62B22}.Ad-Hoc|x64.Deploy.0 = Release|Any CPU
		{26D8B120-4B46-4B42-A918-EC4EB2A62B22}.Ad-Hoc|x86.ActiveCfg = Release|Any CPU
		{26D8B120-4B46-4B42-A918-EC4EB2A62B22}.Ad-Hoc|x86.Build.0 = Release|Any CPU
		{26D8B120-4B46-4B42-A918-EC4EB2A62B22}.Ad-Hoc|x86.Deploy.0 = Release|Any CPU
		{26D8B120-4B46-4B42-A918-EC4EB2A62B22}.AppStore|Any CPU.ActiveCfg = Release|Any CPU
		{26D8B120-4B46-4B42-A918-EC4EB2A62B22}.AppStore|Any CPU.Build.0 = Release|Any CPU
		{26D8B120-4B46-4B42-A918-EC4EB2A62B22}.AppStore|Any CPU.Deploy.0 = Release|Any CPU
		{26D8B120-4B46-4B42-A918-EC4EB2A62B22}.AppStore|ARM.ActiveCfg = Release|Any CPU
		{26D8B120-4B46-4B42-A918-EC4EB2A62B22}.AppStore|ARM.Build.0 = Release|Any CPU
		{26D8B120-4B46-4B42-A918-EC4EB2A62B22}.AppStore|ARM.Deploy.0 = Release|Any CPU
		{26D8B120-4B46-4B42-A918-EC4EB2A62B22}.AppStore|iPhone.ActiveCfg = Release|Any CPU
		{26D8B120-4B46-4B42-A918-EC4EB2A62B22}.AppStore|iPhone.Build.0 = Release|Any CPU
		{26D8B120-4B46-4B42-A918-EC4EB2A62B22}.AppStore|iPhone.Deploy.0 = Release|Any CPU
		{26D8B120-4B46-4B42-A918-EC4EB2A62B22}.AppStore|iPhoneSimulator.ActiveCfg = Release|Any CPU
		{26D8B120-4B46-4B42-A918-EC4EB2A62B22}.AppStore|iPhoneSimulator.Build.0 = Release|Any CPU
		{26D8B120-4B46-4B42-A918-EC4EB2A62B22}.AppStore|iPhoneSimulator.Deploy.0 = Release|Any CPU
		{26D8B120-4B46-4B42-A918-EC4EB2A62B22}.AppStore|x64.ActiveCfg = Release|Any CPU
		{26D8B120-4B46-4B42-A918-EC4EB2A62B22}.AppStore|x64.Build.0 = Release|Any CPU
		{26D8B120-4B46-4B42-A918-EC4EB2A62B22}.AppStore|x64.Deploy.0 = Release|Any CPU
		{26D8B120-4B46-4B42-A918-EC4EB2A62B22}.AppStore|x86.ActiveCfg = Release|Any CPU
		{26D8B120-4B46-4B42-A918-EC4EB2A62B22}.AppStore|x86.Build.0 = Release|Any CPU
		{26D8B120-4B46-4B42-A918-EC4EB2A62B22}.AppStore|x86.Deploy.0 = Release|Any CPU
		{26D8B120-4B46-4B42-A918-EC4EB2A62B22}.Debug|Any CPU.ActiveCfg = Debug|Any CPU
		{26D8B120-4B46-4B42-A918-EC4EB2A62B22}.Debug|Any CPU.Build.0 = Debug|Any CPU
		{26D8B120-4B46-4B42-A918-EC4EB2A62B22}.Debug|Any CPU.Deploy.0 = Debug|Any CPU
		{26D8B120-4B46-4B42-A918-EC4EB2A62B22}.Debug|ARM.ActiveCfg = Debug|Any CPU
		{26D8B120-4B46-4B42-A918-EC4EB2A62B22}.Debug|ARM.Build.0 = Debug|Any CPU
		{26D8B120-4B46-4B42-A918-EC4EB2A62B22}.Debug|ARM.Deploy.0 = Debug|Any CPU
		{26D8B120-4B46-4B42-A918-EC4EB2A62B22}.Debug|iPhone.ActiveCfg = Debug|Any CPU
		{26D8B120-4B46-4B42-A918-EC4EB2A62B22}.Debug|iPhone.Build.0 = Debug|Any CPU
		{26D8B120-4B46-4B42-A918-EC4EB2A62B22}.Debug|iPhone.Deploy.0 = Debug|Any CPU
		{26D8B120-4B46-4B42-A918-EC4EB2A62B22}.Debug|iPhoneSimulator.ActiveCfg = Debug|Any CPU
		{26D8B120-4B46-4B42-A918-EC4EB2A62B22}.Debug|iPhoneSimulator.Build.0 = Debug|Any CPU
		{26D8B120-4B46-4B42-A918-EC4EB2A62B22}.Debug|iPhoneSimulator.Deploy.0 = Debug|Any CPU
		{26D8B120-4B46-4B42-A918-EC4EB2A62B22}.Debug|x64.ActiveCfg = Debug|Any CPU
		{26D8B120-4B46-4B42-A918-EC4EB2A62B22}.Debug|x64.Build.0 = Debug|Any CPU
		{26D8B120-4B46-4B42-A918-EC4EB2A62B22}.Debug|x64.Deploy.0 = Debug|Any CPU
		{26D8B120-4B46-4B42-A918-EC4EB2A62B22}.Debug|x86.ActiveCfg = Debug|Any CPU
		{26D8B120-4B46-4B42-A918-EC4EB2A62B22}.Debug|x86.Build.0 = Debug|Any CPU
		{26D8B120-4B46-4B42-A918-EC4EB2A62B22}.Debug|x86.Deploy.0 = Debug|Any CPU
		{26D8B120-4B46-4B42-A918-EC4EB2A62B22}.Release|Any CPU.ActiveCfg = Release|Any CPU
		{26D8B120-4B46-4B42-A918-EC4EB2A62B22}.Release|Any CPU.Build.0 = Release|Any CPU
		{26D8B120-4B46-4B42-A918-EC4EB2A62B22}.Release|Any CPU.Deploy.0 = Release|Any CPU
		{26D8B120-4B46-4B42-A918-EC4EB2A62B22}.Release|ARM.ActiveCfg = Release|Any CPU
		{26D8B120-4B46-4B42-A918-EC4EB2A62B22}.Release|ARM.Build.0 = Release|Any CPU
		{26D8B120-4B46-4B42-A918-EC4EB2A62B22}.Release|ARM.Deploy.0 = Release|Any CPU
		{26D8B120-4B46-4B42-A918-EC4EB2A62B22}.Release|iPhone.ActiveCfg = Release|Any CPU
		{26D8B120-4B46-4B42-A918-EC4EB2A62B22}.Release|iPhone.Build.0 = Release|Any CPU
		{26D8B120-4B46-4B42-A918-EC4EB2A62B22}.Release|iPhone.Deploy.0 = Release|Any CPU
		{26D8B120-4B46-4B42-A918-EC4EB2A62B22}.Release|iPhoneSimulator.ActiveCfg = Release|Any CPU
		{26D8B120-4B46-4B42-A918-EC4EB2A62B22}.Release|iPhoneSimulator.Build.0 = Release|Any CPU
		{26D8B120-4B46-4B42-A918-EC4EB2A62B22}.Release|iPhoneSimulator.Deploy.0 = Release|Any CPU
		{26D8B120-4B46-4B42-A918-EC4EB2A62B22}.Release|x64.ActiveCfg = Release|Any CPU
		{26D8B120-4B46-4B42-A918-EC4EB2A62B22}.Release|x64.Build.0 = Release|Any CPU
		{26D8B120-4B46-4B42-A918-EC4EB2A62B22}.Release|x64.Deploy.0 = Release|Any CPU
		{26D8B120-4B46-4B42-A918-EC4EB2A62B22}.Release|x86.ActiveCfg = Release|Any CPU
		{26D8B120-4B46-4B42-A918-EC4EB2A62B22}.Release|x86.Build.0 = Release|Any CPU
		{26D8B120-4B46-4B42-A918-EC4EB2A62B22}.Release|x86.Deploy.0 = Release|Any CPU
		{A4A6EA1D-74E1-45CA-93DE-A0C8BF239F50}.Ad-Hoc|Any CPU.ActiveCfg = Ad-Hoc|iPhone
		{A4A6EA1D-74E1-45CA-93DE-A0C8BF239F50}.Ad-Hoc|ARM.ActiveCfg = Ad-Hoc|iPhone
		{A4A6EA1D-74E1-45CA-93DE-A0C8BF239F50}.Ad-Hoc|iPhone.ActiveCfg = Ad-Hoc|iPhone
		{A4A6EA1D-74E1-45CA-93DE-A0C8BF239F50}.Ad-Hoc|iPhone.Build.0 = Ad-Hoc|iPhone
		{A4A6EA1D-74E1-45CA-93DE-A0C8BF239F50}.Ad-Hoc|iPhoneSimulator.ActiveCfg = Ad-Hoc|iPhoneSimulator
		{A4A6EA1D-74E1-45CA-93DE-A0C8BF239F50}.Ad-Hoc|iPhoneSimulator.Build.0 = Ad-Hoc|iPhoneSimulator
		{A4A6EA1D-74E1-45CA-93DE-A0C8BF239F50}.Ad-Hoc|x64.ActiveCfg = Ad-Hoc|iPhone
		{A4A6EA1D-74E1-45CA-93DE-A0C8BF239F50}.Ad-Hoc|x86.ActiveCfg = Ad-Hoc|iPhone
		{A4A6EA1D-74E1-45CA-93DE-A0C8BF239F50}.AppStore|Any CPU.ActiveCfg = AppStore|iPhone
		{A4A6EA1D-74E1-45CA-93DE-A0C8BF239F50}.AppStore|ARM.ActiveCfg = AppStore|iPhone
		{A4A6EA1D-74E1-45CA-93DE-A0C8BF239F50}.AppStore|iPhone.ActiveCfg = AppStore|iPhone
		{A4A6EA1D-74E1-45CA-93DE-A0C8BF239F50}.AppStore|iPhone.Build.0 = AppStore|iPhone
		{A4A6EA1D-74E1-45CA-93DE-A0C8BF239F50}.AppStore|iPhoneSimulator.ActiveCfg = AppStore|iPhoneSimulator
		{A4A6EA1D-74E1-45CA-93DE-A0C8BF239F50}.AppStore|iPhoneSimulator.Build.0 = AppStore|iPhoneSimulator
		{A4A6EA1D-74E1-45CA-93DE-A0C8BF239F50}.AppStore|x64.ActiveCfg = AppStore|iPhone
		{A4A6EA1D-74E1-45CA-93DE-A0C8BF239F50}.AppStore|x86.ActiveCfg = AppStore|iPhone
		{A4A6EA1D-74E1-45CA-93DE-A0C8BF239F50}.Debug|Any CPU.ActiveCfg = Debug|iPhone
		{A4A6EA1D-74E1-45CA-93DE-A0C8BF239F50}.Debug|ARM.ActiveCfg = Debug|iPhone
		{A4A6EA1D-74E1-45CA-93DE-A0C8BF239F50}.Debug|iPhone.ActiveCfg = Debug|iPhone
		{A4A6EA1D-74E1-45CA-93DE-A0C8BF239F50}.Debug|iPhone.Build.0 = Debug|iPhone
		{A4A6EA1D-74E1-45CA-93DE-A0C8BF239F50}.Debug|iPhoneSimulator.ActiveCfg = Debug|iPhoneSimulator
		{A4A6EA1D-74E1-45CA-93DE-A0C8BF239F50}.Debug|iPhoneSimulator.Build.0 = Debug|iPhoneSimulator
		{A4A6EA1D-74E1-45CA-93DE-A0C8BF239F50}.Debug|x64.ActiveCfg = Debug|iPhone
		{A4A6EA1D-74E1-45CA-93DE-A0C8BF239F50}.Debug|x86.ActiveCfg = Debug|iPhone
		{A4A6EA1D-74E1-45CA-93DE-A0C8BF239F50}.Release|Any CPU.ActiveCfg = Release|iPhone
		{A4A6EA1D-74E1-45CA-93DE-A0C8BF239F50}.Release|ARM.ActiveCfg = Release|iPhone
		{A4A6EA1D-74E1-45CA-93DE-A0C8BF239F50}.Release|iPhone.ActiveCfg = Release|iPhone
		{A4A6EA1D-74E1-45CA-93DE-A0C8BF239F50}.Release|iPhone.Build.0 = Release|iPhone
		{A4A6EA1D-74E1-45CA-93DE-A0C8BF239F50}.Release|iPhoneSimulator.ActiveCfg = Release|iPhoneSimulator
		{A4A6EA1D-74E1-45CA-93DE-A0C8BF239F50}.Release|iPhoneSimulator.Build.0 = Release|iPhoneSimulator
		{A4A6EA1D-74E1-45CA-93DE-A0C8BF239F50}.Release|x64.ActiveCfg = Release|iPhone
		{A4A6EA1D-74E1-45CA-93DE-A0C8BF239F50}.Release|x86.ActiveCfg = Release|iPhone
		{46CA0B2C-EF6E-40D9-A134-B993C61F9FC7}.Ad-Hoc|Any CPU.ActiveCfg = Release|x86
		{46CA0B2C-EF6E-40D9-A134-B993C61F9FC7}.Ad-Hoc|Any CPU.Build.0 = Release|x86
		{46CA0B2C-EF6E-40D9-A134-B993C61F9FC7}.Ad-Hoc|Any CPU.Deploy.0 = Release|x86
		{46CA0B2C-EF6E-40D9-A134-B993C61F9FC7}.Ad-Hoc|ARM.ActiveCfg = Release|ARM
		{46CA0B2C-EF6E-40D9-A134-B993C61F9FC7}.Ad-Hoc|ARM.Build.0 = Release|ARM
		{46CA0B2C-EF6E-40D9-A134-B993C61F9FC7}.Ad-Hoc|ARM.Deploy.0 = Release|ARM
		{46CA0B2C-EF6E-40D9-A134-B993C61F9FC7}.Ad-Hoc|iPhone.ActiveCfg = Release|x86
		{46CA0B2C-EF6E-40D9-A134-B993C61F9FC7}.Ad-Hoc|iPhone.Build.0 = Release|x86
		{46CA0B2C-EF6E-40D9-A134-B993C61F9FC7}.Ad-Hoc|iPhone.Deploy.0 = Release|x86
		{46CA0B2C-EF6E-40D9-A134-B993C61F9FC7}.Ad-Hoc|iPhoneSimulator.ActiveCfg = Release|x86
		{46CA0B2C-EF6E-40D9-A134-B993C61F9FC7}.Ad-Hoc|iPhoneSimulator.Build.0 = Release|x86
		{46CA0B2C-EF6E-40D9-A134-B993C61F9FC7}.Ad-Hoc|iPhoneSimulator.Deploy.0 = Release|x86
		{46CA0B2C-EF6E-40D9-A134-B993C61F9FC7}.Ad-Hoc|x64.ActiveCfg = Release|x64
		{46CA0B2C-EF6E-40D9-A134-B993C61F9FC7}.Ad-Hoc|x64.Build.0 = Release|x64
		{46CA0B2C-EF6E-40D9-A134-B993C61F9FC7}.Ad-Hoc|x64.Deploy.0 = Release|x64
		{46CA0B2C-EF6E-40D9-A134-B993C61F9FC7}.Ad-Hoc|x86.ActiveCfg = Release|x86
		{46CA0B2C-EF6E-40D9-A134-B993C61F9FC7}.Ad-Hoc|x86.Build.0 = Release|x86
		{46CA0B2C-EF6E-40D9-A134-B993C61F9FC7}.Ad-Hoc|x86.Deploy.0 = Release|x86
		{46CA0B2C-EF6E-40D9-A134-B993C61F9FC7}.AppStore|Any CPU.ActiveCfg = Release|x86
		{46CA0B2C-EF6E-40D9-A134-B993C61F9FC7}.AppStore|Any CPU.Build.0 = Release|x86
		{46CA0B2C-EF6E-40D9-A134-B993C61F9FC7}.AppStore|Any CPU.Deploy.0 = Release|x86
		{46CA0B2C-EF6E-40D9-A134-B993C61F9FC7}.AppStore|ARM.ActiveCfg = Release|ARM
		{46CA0B2C-EF6E-40D9-A134-B993C61F9FC7}.AppStore|ARM.Build.0 = Release|ARM
		{46CA0B2C-EF6E-40D9-A134-B993C61F9FC7}.AppStore|ARM.Deploy.0 = Release|ARM
		{46CA0B2C-EF6E-40D9-A134-B993C61F9FC7}.AppStore|iPhone.ActiveCfg = Release|x86
		{46CA0B2C-EF6E-40D9-A134-B993C61F9FC7}.AppStore|iPhone.Build.0 = Release|x86
		{46CA0B2C-EF6E-40D9-A134-B993C61F9FC7}.AppStore|iPhone.Deploy.0 = Release|x86
		{46CA0B2C-EF6E-40D9-A134-B993C61F9FC7}.AppStore|iPhoneSimulator.ActiveCfg = Release|x86
		{46CA0B2C-EF6E-40D9-A134-B993C61F9FC7}.AppStore|iPhoneSimulator.Build.0 = Release|x86
		{46CA0B2C-EF6E-40D9-A134-B993C61F9FC7}.AppStore|iPhoneSimulator.Deploy.0 = Release|x86
		{46CA0B2C-EF6E-40D9-A134-B993C61F9FC7}.AppStore|x64.ActiveCfg = Release|x64
		{46CA0B2C-EF6E-40D9-A134-B993C61F9FC7}.AppStore|x64.Build.0 = Release|x64
		{46CA0B2C-EF6E-40D9-A134-B993C61F9FC7}.AppStore|x64.Deploy.0 = Release|x64
		{46CA0B2C-EF6E-40D9-A134-B993C61F9FC7}.AppStore|x86.ActiveCfg = Release|x86
		{46CA0B2C-EF6E-40D9-A134-B993C61F9FC7}.AppStore|x86.Build.0 = Release|x86
		{46CA0B2C-EF6E-40D9-A134-B993C61F9FC7}.AppStore|x86.Deploy.0 = Release|x86
		{46CA0B2C-EF6E-40D9-A134-B993C61F9FC7}.Debug|Any CPU.ActiveCfg = Debug|x86
		{46CA0B2C-EF6E-40D9-A134-B993C61F9FC7}.Debug|ARM.ActiveCfg = Debug|ARM
		{46CA0B2C-EF6E-40D9-A134-B993C61F9FC7}.Debug|ARM.Build.0 = Debug|ARM
		{46CA0B2C-EF6E-40D9-A134-B993C61F9FC7}.Debug|ARM.Deploy.0 = Debug|ARM
		{46CA0B2C-EF6E-40D9-A134-B993C61F9FC7}.Debug|iPhone.ActiveCfg = Debug|x86
		{46CA0B2C-EF6E-40D9-A134-B993C61F9FC7}.Debug|iPhoneSimulator.ActiveCfg = Debug|x86
		{46CA0B2C-EF6E-40D9-A134-B993C61F9FC7}.Debug|x64.ActiveCfg = Debug|x64
		{46CA0B2C-EF6E-40D9-A134-B993C61F9FC7}.Debug|x64.Build.0 = Debug|x64
		{46CA0B2C-EF6E-40D9-A134-B993C61F9FC7}.Debug|x64.Deploy.0 = Debug|x64
		{46CA0B2C-EF6E-40D9-A134-B993C61F9FC7}.Debug|x86.ActiveCfg = Debug|x86
		{46CA0B2C-EF6E-40D9-A134-B993C61F9FC7}.Debug|x86.Build.0 = Debug|x86
		{46CA0B2C-EF6E-40D9-A134-B993C61F9FC7}.Debug|x86.Deploy.0 = Debug|x86
		{46CA0B2C-EF6E-40D9-A134-B993C61F9FC7}.Release|Any CPU.ActiveCfg = Release|x86
		{46CA0B2C-EF6E-40D9-A134-B993C61F9FC7}.Release|ARM.ActiveCfg = Release|ARM
		{46CA0B2C-EF6E-40D9-A134-B993C61F9FC7}.Release|ARM.Build.0 = Release|ARM
		{46CA0B2C-EF6E-40D9-A134-B993C61F9FC7}.Release|ARM.Deploy.0 = Release|ARM
		{46CA0B2C-EF6E-40D9-A134-B993C61F9FC7}.Release|iPhone.ActiveCfg = Release|x86
		{46CA0B2C-EF6E-40D9-A134-B993C61F9FC7}.Release|iPhoneSimulator.ActiveCfg = Release|x86
		{46CA0B2C-EF6E-40D9-A134-B993C61F9FC7}.Release|x64.ActiveCfg = Release|x64
		{46CA0B2C-EF6E-40D9-A134-B993C61F9FC7}.Release|x64.Build.0 = Release|x64
		{46CA0B2C-EF6E-40D9-A134-B993C61F9FC7}.Release|x64.Deploy.0 = Release|x64
		{46CA0B2C-EF6E-40D9-A134-B993C61F9FC7}.Release|x86.ActiveCfg = Release|x86
		{46CA0B2C-EF6E-40D9-A134-B993C61F9FC7}.Release|x86.Build.0 = Release|x86
		{46CA0B2C-EF6E-40D9-A134-B993C61F9FC7}.Release|x86.Deploy.0 = Release|x86
	EndGlobalSection
	GlobalSection(SolutionProperties) = preSolution
		HideSolutionNode = FALSE
	EndGlobalSection
	GlobalSection(ExtensibilityGlobals) = postSolution
		SolutionGuid = {BDCD164B-2101-409B-8A96-482BE2BA0D4A}
	EndGlobalSection
EndGlobal
